
Microsoft Visual Studio Solution File, Format Version 12.00
# Visual Studio 15
VisualStudioVersion = 15.0.28307.489
MinimumVisualStudioVersion = 10.0.40219.1
Project("{FAE04EC0-301F-11D3-BF4B-00C04F79EFBC}") = "WeatherWorryWonder", "WeatherWorryWonder\WeatherWorryWonder.csproj", "{71E5B0D8-5008-45EB-AAD2-1DDB914DD49E}"
EndProject
Global
	GlobalSection(SolutionConfigurationPlatforms) = preSolution
		Debug|Any CPU = Debug|Any CPU
		Release|Any CPU = Release|Any CPU
	EndGlobalSection
	GlobalSection(ProjectConfigurationPlatforms) = postSolution
		{71E5B0D8-5008-45EB-AAD2-1DDB914DD49E}.Debug|Any CPU.ActiveCfg = Debug|Any CPU
		{71E5B0D8-5008-45EB-AAD2-1DDB914DD49E}.Debug|Any CPU.Build.0 = Debug|Any CPU
		{71E5B0D8-5008-45EB-AAD2-1DDB914DD49E}.Release|Any CPU.ActiveCfg = Release|Any CPU
		{71E5B0D8-5008-45EB-AAD2-1DDB914DD49E}.Release|Any CPU.Build.0 = Release|Any CPU
	EndGlobalSection
	GlobalSection(SolutionProperties) = preSolution
		HideSolutionNode = FALSE
	EndGlobalSection
	GlobalSection(ExtensibilityGlobals) = postSolution
		SolutionGuid = {ABEFAA4A-D3E4-4CE0-B8AD-356CD69B6E90}
	EndGlobalSection
EndGlobal
